
Microsoft Visual Studio Solution File, Format Version 12.00
# Visual Studio 15
VisualStudioVersion = 15.0.28307.1831
MinimumVisualStudioVersion = 10.0.40219.1
Project("{FAE04EC0-301F-11D3-BF4B-00C04F79EFBC}") = "ECommerce", "ECommerce\ECommerce.csproj", "{89C35A2A-9ACE-4370-8CBF-D78039E212B8}"
EndProject
Project("{FAE04EC0-301F-11D3-BF4B-00C04F79EFBC}") = "ECommerce.Framework", "ECommerce.Framework\ECommerce.Framework.csproj", "{E30B4700-6FE9-45DC-B512-82E699784513}"
EndProject
Project("{FAE04EC0-301F-11D3-BF4B-00C04F79EFBC}") = "Ecommerce.DBEngine", "Ecommerce.DBEngine\Ecommerce.DBEngine.csproj", "{C6DD4B48-9852-4444-B33B-5BCECE440DD7}"
EndProject
Project("{FAE04EC0-301F-11D3-BF4B-00C04F79EFBC}") = "ECommerce.Common", "ECommerce.Common\ECommerce.Common.csproj", "{34DB695C-FAAF-427E-9148-FA0F1E888B4B}"
EndProject
Global
	GlobalSection(SolutionConfigurationPlatforms) = preSolution
		Debug|Any CPU = Debug|Any CPU
		Release|Any CPU = Release|Any CPU
	EndGlobalSection
	GlobalSection(ProjectConfigurationPlatforms) = postSolution
		{89C35A2A-9ACE-4370-8CBF-D78039E212B8}.Debug|Any CPU.ActiveCfg = Debug|Any CPU
		{89C35A2A-9ACE-4370-8CBF-D78039E212B8}.Debug|Any CPU.Build.0 = Debug|Any CPU
		{89C35A2A-9ACE-4370-8CBF-D78039E212B8}.Release|Any CPU.ActiveCfg = Release|Any CPU
		{89C35A2A-9ACE-4370-8CBF-D78039E212B8}.Release|Any CPU.Build.0 = Release|Any CPU
		{E30B4700-6FE9-45DC-B512-82E699784513}.Debug|Any CPU.ActiveCfg = Debug|Any CPU
		{E30B4700-6FE9-45DC-B512-82E699784513}.Debug|Any CPU.Build.0 = Debug|Any CPU
		{E30B4700-6FE9-45DC-B512-82E699784513}.Release|Any CPU.ActiveCfg = Release|Any CPU
		{E30B4700-6FE9-45DC-B512-82E699784513}.Release|Any CPU.Build.0 = Release|Any CPU
		{C6DD4B48-9852-4444-B33B-5BCECE440DD7}.Debug|Any CPU.ActiveCfg = Debug|Any CPU
		{C6DD4B48-9852-4444-B33B-5BCECE440DD7}.Debug|Any CPU.Build.0 = Debug|Any CPU
		{C6DD4B48-9852-4444-B33B-5BCECE440DD7}.Release|Any CPU.ActiveCfg = Release|Any CPU
		{C6DD4B48-9852-4444-B33B-5BCECE440DD7}.Release|Any CPU.Build.0 = Release|Any CPU
		{34DB695C-FAAF-427E-9148-FA0F1E888B4B}.Debug|Any CPU.ActiveCfg = Debug|Any CPU
		{34DB695C-FAAF-427E-9148-FA0F1E888B4B}.Debug|Any CPU.Build.0 = Debug|Any CPU
		{34DB695C-FAAF-427E-9148-FA0F1E888B4B}.Release|Any CPU.ActiveCfg = Release|Any CPU
		{34DB695C-FAAF-427E-9148-FA0F1E888B4B}.Release|Any CPU.Build.0 = Release|Any CPU
	EndGlobalSection
	GlobalSection(SolutionProperties) = preSolution
		HideSolutionNode = FALSE
	EndGlobalSection
	GlobalSection(ExtensibilityGlobals) = postSolution
		SolutionGuid = {1B530040-F679-4920-8F1A-5439B0750FB1}
	EndGlobalSection
EndGlobal
